
Microsoft Visual Studio Solution File, Format Version 12.00
# Visual Studio Version 16
VisualStudioVersion = 16.0.30413.136
MinimumVisualStudioVersion = 10.0.40219.1
Project("{8BC9CEB8-8B4A-11D0-8D11-00A0C91BC942}") = "TestBed", "TestBed.vcxproj", "{331C6BD5-1CB9-47D9-8414-A85266F062D2}"
EndProject
Project("{C7167F0D-BC9F-4E6E-AFE1-012C56B48DB5}") = "TestBedPackage", "TestBedPackage\TestBedPackage.wapproj", "{2273973C-F44B-426A-BFF6-F24ECBB353D8}"
EndProject
Global
	GlobalSection(SolutionConfigurationPlatforms) = preSolution
		Debug|Any CPU = Debug|Any CPU
		Debug|ARM = Debug|ARM
		Debug|ARM64 = Debug|ARM64
		Debug|x64 = Debug|x64
		Debug|x86 = Debug|x86
		DebugMT|Any CPU = DebugMT|Any CPU
		DebugMT|ARM = DebugMT|ARM
		DebugMT|ARM64 = DebugMT|ARM64
		DebugMT|x64 = DebugMT|x64
		DebugMT|x86 = DebugMT|x86
		Release|Any CPU = Release|Any CPU
		Release|ARM = Release|ARM
		Release|ARM64 = Release|ARM64
		Release|x64 = Release|x64
		Release|x86 = Release|x86
		ReleaseMT|Any CPU = ReleaseMT|Any CPU
		ReleaseMT|ARM = ReleaseMT|ARM
		ReleaseMT|ARM64 = ReleaseMT|ARM64
		ReleaseMT|x64 = ReleaseMT|x64
		ReleaseMT|x86 = ReleaseMT|x86
	EndGlobalSection
	GlobalSection(ProjectConfigurationPlatforms) = postSolution
		{331C6BD5-1CB9-47D9-8414-A85266F062D2}.Debug|Any CPU.ActiveCfg = Debug|Win32
		{331C6BD5-1CB9-47D9-8414-A85266F062D2}.Debug|ARM.ActiveCfg = Debug|Win32
		{331C6BD5-1CB9-47D9-8414-A85266F062D2}.Debug|ARM64.ActiveCfg = Debug|Win32
		{331C6BD5-1CB9-47D9-8414-A85266F062D2}.Debug|x64.ActiveCfg = Debug|x64
		{331C6BD5-1CB9-47D9-8414-A85266F062D2}.Debug|x64.Build.0 = Debug|x64
		{331C6BD5-1CB9-47D9-8414-A85266F062D2}.Debug|x86.ActiveCfg = Debug|Win32
		{331C6BD5-1CB9-47D9-8414-A85266F062D2}.Debug|x86.Build.0 = Debug|Win32
		{331C6BD5-1CB9-47D9-8414-A85266F062D2}.DebugMT|Any CPU.ActiveCfg = DebugMT|Win32
		{331C6BD5-1CB9-47D9-8414-A85266F062D2}.DebugMT|ARM.ActiveCfg = DebugMT|Win32
		{331C6BD5-1CB9-47D9-8414-A85266F062D2}.DebugMT|ARM64.ActiveCfg = DebugMT|Win32
		{331C6BD5-1CB9-47D9-8414-A85266F062D2}.DebugMT|x64.ActiveCfg = DebugMT|x64
		{331C6BD5-1CB9-47D9-8414-A85266F062D2}.DebugMT|x64.Build.0 = DebugMT|x64
		{331C6BD5-1CB9-47D9-8414-A85266F062D2}.DebugMT|x86.ActiveCfg = DebugMT|Win32
		{331C6BD5-1CB9-47D9-8414-A85266F062D2}.DebugMT|x86.Build.0 = DebugMT|Win32
		{331C6BD5-1CB9-47D9-8414-A85266F062D2}.Release|Any CPU.ActiveCfg = Release|Win32
		{331C6BD5-1CB9-47D9-8414-A85266F062D2}.Release|ARM.ActiveCfg = Release|Win32
		{331C6BD5-1CB9-47D9-8414-A85266F062D2}.Release|ARM64.ActiveCfg = Release|Win32
		{331C6BD5-1CB9-47D9-8414-A85266F062D2}.Release|x64.ActiveCfg = Release|x64
		{331C6BD5-1CB9-47D9-8414-A85266F062D2}.Release|x64.Build.0 = Release|x64
		{331C6BD5-1CB9-47D9-8414-A85266F062D2}.Release|x86.ActiveCfg = Release|Win32
		{331C6BD5-1CB9-47D9-8414-A85266F062D2}.Release|x86.Build.0 = Release|Win32
		{331C6BD5-1CB9-47D9-8414-A85266F062D2}.ReleaseMT|Any CPU.ActiveCfg = ReleaseMT|Win32
		{331C6BD5-1CB9-47D9-8414-A85266F062D2}.ReleaseMT|ARM.ActiveCfg = ReleaseMT|Win32
		{331C6BD5-1CB9-47D9-8414-A85266F062D2}.ReleaseMT|ARM64.ActiveCfg = ReleaseMT|Win32
		{331C6BD5-1CB9-47D9-8414-A85266F062D2}.ReleaseMT|x64.ActiveCfg = ReleaseMT|x64
		{331C6BD5-1CB9-47D9-8414-A85266F062D2}.ReleaseMT|x64.Build.0 = ReleaseMT|x64
		{331C6BD5-1CB9-47D9-8414-A85266F062D2}.ReleaseMT|x86.ActiveCfg = ReleaseMT|Win32
		{331C6BD5-1CB9-47D9-8414-A85266F062D2}.ReleaseMT|x86.Build.0 = ReleaseMT|Win32
		{2273973C-F44B-426A-BFF6-F24ECBB353D8}.Debug|Any CPU.ActiveCfg = Debug|Any CPU
		{2273973C-F44B-426A-BFF6-F24ECBB353D8}.Debug|Any CPU.Build.0 = Debug|Any CPU
		{2273973C-F44B-426A-BFF6-F24ECBB353D8}.Debug|Any CPU.Deploy.0 = Debug|Any CPU
		{2273973C-F44B-426A-BFF6-F24ECBB353D8}.Debug|ARM.ActiveCfg = Debug|ARM
		{2273973C-F44B-426A-BFF6-F24ECBB353D8}.Debug|ARM.Build.0 = Debug|ARM
		{2273973C-F44B-426A-BFF6-F24ECBB353D8}.Debug|ARM.Deploy.0 = Debug|ARM
		{2273973C-F44B-426A-BFF6-F24ECBB353D8}.Debug|ARM64.ActiveCfg = Debug|ARM64
		{2273973C-F44B-426A-BFF6-F24ECBB353D8}.Debug|ARM64.Build.0 = Debug|ARM64
		{2273973C-F44B-426A-BFF6-F24ECBB353D8}.Debug|ARM64.Deploy.0 = Debug|ARM64
		{2273973C-F44B-426A-BFF6-F24ECBB353D8}.Debug|x64.ActiveCfg = Debug|x64
		{2273973C-F44B-426A-BFF6-F24ECBB353D8}.Debug|x64.Build.0 = Debug|x64
		{2273973C-F44B-426A-BFF6-F24ECBB353D8}.Debug|x64.Deploy.0 = Debug|x64
		{2273973C-F44B-426A-BFF6-F24ECBB353D8}.Debug|x86.ActiveCfg = Debug|x86
		{2273973C-F44B-426A-BFF6-F24ECBB353D8}.Debug|x86.Build.0 = Debug|x86
		{2273973C-F44B-426A-BFF6-F24ECBB353D8}.Debug|x86.Deploy.0 = Debug|x86
		{2273973C-F44B-426A-BFF6-F24ECBB353D8}.DebugMT|Any CPU.ActiveCfg = DebugMT|Any CPU
		{2273973C-F44B-426A-BFF6-F24ECBB353D8}.DebugMT|Any CPU.Build.0 = DebugMT|Any CPU
		{2273973C-F44B-426A-BFF6-F24ECBB353D8}.DebugMT|Any CPU.Deploy.0 = DebugMT|Any CPU
		{2273973C-F44B-426A-BFF6-F24ECBB353D8}.DebugMT|ARM.ActiveCfg = DebugMT|ARM
		{2273973C-F44B-426A-BFF6-F24ECBB353D8}.DebugMT|ARM.Build.0 = DebugMT|ARM
		{2273973C-F44B-426A-BFF6-F24ECBB353D8}.DebugMT|ARM.Deploy.0 = DebugMT|ARM
		{2273973C-F44B-426A-BFF6-F24ECBB353D8}.DebugMT|ARM64.ActiveCfg = DebugMT|ARM64
		{2273973C-F44B-426A-BFF6-F24ECBB353D8}.DebugMT|ARM64.Build.0 = DebugMT|ARM64
		{2273973C-F44B-426A-BFF6-F24ECBB353D8}.DebugMT|ARM64.Deploy.0 = DebugMT|ARM64
		{2273973C-F44B-426A-BFF6-F24ECBB353D8}.DebugMT|x64.ActiveCfg = DebugMT|x64
		{2273973C-F44B-426A-BFF6-F24ECBB353D8}.DebugMT|x64.Build.0 = DebugMT|x64
		{2273973C-F44B-426A-BFF6-F24ECBB353D8}.DebugMT|x64.Deploy.0 = DebugMT|x64
		{2273973C-F44B-426A-BFF6-F24ECBB353D8}.DebugMT|x86.ActiveCfg = DebugMT|x86
		{2273973C-F44B-426A-BFF6-F24ECBB353D8}.DebugMT|x86.Build.0 = DebugMT|x86
		{2273973C-F44B-426A-BFF6-F24ECBB353D8}.DebugMT|x86.Deploy.0 = DebugMT|x86
		{2273973C-F44B-426A-BFF6-F24ECBB353D8}.Release|Any CPU.ActiveCfg = Release|Any CPU
		{2273973C-F44B-426A-BFF6-F24ECBB353D8}.Release|Any CPU.Build.0 = Release|Any CPU
		{2273973C-F44B-426A-BFF6-F24ECBB353D8}.Release|Any CPU.Deploy.0 = Release|Any CPU
		{2273973C-F44B-426A-BFF6-F24ECBB353D8}.Release|ARM.ActiveCfg = Release|ARM
		{2273973C-F44B-426A-BFF6-F24ECBB353D8}.Release|ARM.Build.0 = Release|ARM
		{2273973C-F44B-426A-BFF6-F24ECBB353D8}.Release|ARM.Deploy.0 = Release|ARM
		{2273973C-F44B-426A-BFF6-F24ECBB353D8}.Release|ARM64.ActiveCfg = Release|ARM64
		{2273973C-F44B-426A-BFF6-F24ECBB353D8}.Release|ARM64.Build.0 = Release|ARM64
		{2273973C-F44B-426A-BFF6-F24ECBB353D8}.Release|ARM64.Deploy.0 = Release|ARM64
		{2273973C-F44B-426A-BFF6-F24ECBB353D8}.Release|x64.ActiveCfg = Release|x64
		{2273973C-F44B-426A-BFF6-F24ECBB353D8}.Release|x64.Build.0 = Release|x64
		{2273973C-F44B-426A-BFF6-F24ECBB353D8}.Release|x64.Deploy.0 = Release|x64
		{2273973C-F44B-426A-BFF6-F24ECBB353D8}.Release|x86.ActiveCfg = Release|x86
		{2273973C-F44B-426A-BFF6-F24ECBB353D8}.Release|x86.Build.0 = Release|x86
		{2273973C-F44B-426A-BFF6-F24ECBB353D8}.Release|x86.Deploy.0 = Release|x86
		{2273973C-F44B-426A-BFF6-F24ECBB353D8}.ReleaseMT|Any CPU.ActiveCfg = ReleaseMT|Any CPU
		{2273973C-F44B-426A-BFF6-F24ECBB353D8}.ReleaseMT|Any CPU.Build.0 = ReleaseMT|Any CPU
		{2273973C-F44B-426A-BFF6-F24ECBB353D8}.ReleaseMT|Any CPU.Deploy.0 = ReleaseMT|Any CPU
		{2273973C-F44B-426A-BFF6-F24ECBB353D8}.ReleaseMT|ARM.ActiveCfg = ReleaseMT|ARM
		{2273973C-F44B-426A-BFF6-F24ECBB353D8}.ReleaseMT|ARM.Build.0 = ReleaseMT|ARM
		{2273973C-F44B-426A-BFF6-F24ECBB353D8}.ReleaseMT|ARM.Deploy.0 = ReleaseMT|ARM
		{2273973C-F44B-426A-BFF6-F24ECBB353D8}.ReleaseMT|ARM64.ActiveCfg = ReleaseMT|ARM64
		{2273973C-F44B-426A-BFF6-F24ECBB353D8}.ReleaseMT|ARM64.Build.0 = ReleaseMT|ARM64
		{2273973C-F44B-426A-BFF6-F24ECBB353D8}.ReleaseMT|ARM64.Deploy.0 = ReleaseMT|ARM64
		{2273973C-F44B-426A-BFF6-F24ECBB353D8}.ReleaseMT|x64.ActiveCfg = ReleaseMT|x64
		{2273973C-F44B-426A-BFF6-F24ECBB353D8}.ReleaseMT|x64.Build.0 = ReleaseMT|x64
		{2273973C-F44B-426A-BFF6-F24ECBB353D8}.ReleaseMT|x64.Deploy.0 = ReleaseMT|x64
		{2273973C-F44B-426A-BFF6-F24ECBB353D8}.ReleaseMT|x86.ActiveCfg = ReleaseMT|x86
		{2273973C-F44B-426A-BFF6-F24ECBB353D8}.ReleaseMT|x86.Build.0 = ReleaseMT|x86
		{2273973C-F44B-426A-BFF6-F24ECBB353D8}.ReleaseMT|x86.Deploy.0 = ReleaseMT|x86
	EndGlobalSection
	GlobalSection(SolutionProperties) = preSolution
		HideSolutionNode = FALSE
	EndGlobalSection
	GlobalSection(ExtensibilityGlobals) = postSolution
		SolutionGuid = {92A8918A-452A-4A88-A096-CA25B2B3C60D}
	EndGlobalSection
EndGlobal
