
Microsoft Visual Studio Solution File, Format Version 12.00
# Visual Studio Version 16
VisualStudioVersion = 16.0.30907.101
MinimumVisualStudioVersion = 10.0.40219.1
Project("{8BC9CEB8-8B4A-11D0-8D11-00A0C91BC942}") = "TestBed-Local", "TestBed-Local.vcxproj", "{A0F2D1C6-88AD-4FBD-AF84-044B27F61AC9}"
	ProjectSection(ProjectDependencies) = postProject
		{4F51DC46-1A0E-467D-8CA4-AF37E134C0A4} = {4F51DC46-1A0E-467D-8CA4-AF37E134C0A4}
	EndProjectSection
EndProject
Project("{C7167F0D-BC9F-4E6E-AFE1-012C56B48DB5}") = "TestBedLocalPackage", "TestBedLocalPackage\TestBedLocalPackage.wapproj", "{632B837A-0D8A-449A-B2C3-6A7297C965C4}"
EndProject
Project("{8BC9CEB8-8B4A-11D0-8D11-00A0C91BC942}") = "BranchIO-Static", "..\..\BranchSDK\Windows\BranchIO-Static\BranchIO-Static.vcxproj", "{4F51DC46-1A0E-467D-8CA4-AF37E134C0A4}"
EndProject
Global
	GlobalSection(SolutionConfigurationPlatforms) = preSolution
		Debug|Any CPU = Debug|Any CPU
		Debug|ARM = Debug|ARM
		Debug|ARM64 = Debug|ARM64
		Debug|x64 = Debug|x64
		Debug|x86 = Debug|x86
		Release|Any CPU = Release|Any CPU
		Release|ARM = Release|ARM
		Release|ARM64 = Release|ARM64
		Release|x64 = Release|x64
		Release|x86 = Release|x86
	EndGlobalSection
	GlobalSection(ProjectConfigurationPlatforms) = postSolution
		{A0F2D1C6-88AD-4FBD-AF84-044B27F61AC9}.Debug|Any CPU.ActiveCfg = Debug|Win32
		{A0F2D1C6-88AD-4FBD-AF84-044B27F61AC9}.Debug|ARM.ActiveCfg = Debug|Win32
		{A0F2D1C6-88AD-4FBD-AF84-044B27F61AC9}.Debug|ARM64.ActiveCfg = Debug|Win32
		{A0F2D1C6-88AD-4FBD-AF84-044B27F61AC9}.Debug|x64.ActiveCfg = Debug|x64
		{A0F2D1C6-88AD-4FBD-AF84-044B27F61AC9}.Debug|x64.Build.0 = Debug|x64
		{A0F2D1C6-88AD-4FBD-AF84-044B27F61AC9}.Debug|x86.ActiveCfg = Debug|Win32
		{A0F2D1C6-88AD-4FBD-AF84-044B27F61AC9}.Debug|x86.Build.0 = Debug|Win32
		{A0F2D1C6-88AD-4FBD-AF84-044B27F61AC9}.Release|Any CPU.ActiveCfg = Release|Win32
		{A0F2D1C6-88AD-4FBD-AF84-044B27F61AC9}.Release|ARM.ActiveCfg = Release|Win32
		{A0F2D1C6-88AD-4FBD-AF84-044B27F61AC9}.Release|ARM64.ActiveCfg = Release|Win32
		{A0F2D1C6-88AD-4FBD-AF84-044B27F61AC9}.Release|x64.ActiveCfg = Release|x64
		{A0F2D1C6-88AD-4FBD-AF84-044B27F61AC9}.Release|x64.Build.0 = Release|x64
		{A0F2D1C6-88AD-4FBD-AF84-044B27F61AC9}.Release|x86.ActiveCfg = Release|Win32
		{A0F2D1C6-88AD-4FBD-AF84-044B27F61AC9}.Release|x86.Build.0 = Release|Win32
		{632B837A-0D8A-449A-B2C3-6A7297C965C4}.Debug|Any CPU.ActiveCfg = Debug|Any CPU
		{632B837A-0D8A-449A-B2C3-6A7297C965C4}.Debug|Any CPU.Build.0 = Debug|Any CPU
		{632B837A-0D8A-449A-B2C3-6A7297C965C4}.Debug|Any CPU.Deploy.0 = Debug|Any CPU
		{632B837A-0D8A-449A-B2C3-6A7297C965C4}.Debug|ARM.ActiveCfg = Debug|ARM
		{632B837A-0D8A-449A-B2C3-6A7297C965C4}.Debug|ARM.Build.0 = Debug|ARM
		{632B837A-0D8A-449A-B2C3-6A7297C965C4}.Debug|ARM.Deploy.0 = Debug|ARM
		{632B837A-0D8A-449A-B2C3-6A7297C965C4}.Debug|ARM64.ActiveCfg = Debug|ARM64
		{632B837A-0D8A-449A-B2C3-6A7297C965C4}.Debug|ARM64.Build.0 = Debug|ARM64
		{632B837A-0D8A-449A-B2C3-6A7297C965C4}.Debug|ARM64.Deploy.0 = Debug|ARM64
		{632B837A-0D8A-449A-B2C3-6A7297C965C4}.Debug|x64.ActiveCfg = Debug|x64
		{632B837A-0D8A-449A-B2C3-6A7297C965C4}.Debug|x64.Build.0 = Debug|x64
		{632B837A-0D8A-449A-B2C3-6A7297C965C4}.Debug|x64.Deploy.0 = Debug|x64
		{632B837A-0D8A-449A-B2C3-6A7297C965C4}.Debug|x86.ActiveCfg = Debug|x86
		{632B837A-0D8A-449A-B2C3-6A7297C965C4}.Debug|x86.Build.0 = Debug|x86
		{632B837A-0D8A-449A-B2C3-6A7297C965C4}.Debug|x86.Deploy.0 = Debug|x86
		{632B837A-0D8A-449A-B2C3-6A7297C965C4}.Release|Any CPU.ActiveCfg = Release|Any CPU
		{632B837A-0D8A-449A-B2C3-6A7297C965C4}.Release|Any CPU.Build.0 = Release|Any CPU
		{632B837A-0D8A-449A-B2C3-6A7297C965C4}.Release|Any CPU.Deploy.0 = Release|Any CPU
		{632B837A-0D8A-449A-B2C3-6A7297C965C4}.Release|ARM.ActiveCfg = Release|ARM
		{632B837A-0D8A-449A-B2C3-6A7297C965C4}.Release|ARM.Build.0 = Release|ARM
		{632B837A-0D8A-449A-B2C3-6A7297C965C4}.Release|ARM.Deploy.0 = Release|ARM
		{632B837A-0D8A-449A-B2C3-6A7297C965C4}.Release|ARM64.ActiveCfg = Release|ARM64
		{632B837A-0D8A-449A-B2C3-6A7297C965C4}.Release|ARM64.Build.0 = Release|ARM64
		{632B837A-0D8A-449A-B2C3-6A7297C965C4}.Release|ARM64.Deploy.0 = Release|ARM64
		{632B837A-0D8A-449A-B2C3-6A7297C965C4}.Release|x64.ActiveCfg = Release|x64
		{632B837A-0D8A-449A-B2C3-6A7297C965C4}.Release|x64.Build.0 = Release|x64
		{632B837A-0D8A-449A-B2C3-6A7297C965C4}.Release|x64.Deploy.0 = Release|x64
		{632B837A-0D8A-449A-B2C3-6A7297C965C4}.Release|x86.ActiveCfg = Release|x86
		{632B837A-0D8A-449A-B2C3-6A7297C965C4}.Release|x86.Build.0 = Release|x86
		{632B837A-0D8A-449A-B2C3-6A7297C965C4}.Release|x86.Deploy.0 = Release|x86
		{4F51DC46-1A0E-467D-8CA4-AF37E134C0A4}.Debug|Any CPU.ActiveCfg = Debug|Win32
		{4F51DC46-1A0E-467D-8CA4-AF37E134C0A4}.Debug|ARM.ActiveCfg = Debug|Win32
		{4F51DC46-1A0E-467D-8CA4-AF37E134C0A4}.Debug|ARM64.ActiveCfg = Debug|Win32
		{4F51DC46-1A0E-467D-8CA4-AF37E134C0A4}.Debug|x64.ActiveCfg = Debug|x64
		{4F51DC46-1A0E-467D-8CA4-AF37E134C0A4}.Debug|x64.Build.0 = Debug|x64
		{4F51DC46-1A0E-467D-8CA4-AF37E134C0A4}.Debug|x86.ActiveCfg = Debug|Win32
		{4F51DC46-1A0E-467D-8CA4-AF37E134C0A4}.Debug|x86.Build.0 = Debug|Win32
		{4F51DC46-1A0E-467D-8CA4-AF37E134C0A4}.Release|Any CPU.ActiveCfg = Release|Win32
		{4F51DC46-1A0E-467D-8CA4-AF37E134C0A4}.Release|ARM.ActiveCfg = Release|Win32
		{4F51DC46-1A0E-467D-8CA4-AF37E134C0A4}.Release|ARM64.ActiveCfg = Release|Win32
		{4F51DC46-1A0E-467D-8CA4-AF37E134C0A4}.Release|x64.ActiveCfg = Release|x64
		{4F51DC46-1A0E-467D-8CA4-AF37E134C0A4}.Release|x64.Build.0 = Release|x64
		{4F51DC46-1A0E-467D-8CA4-AF37E134C0A4}.Release|x86.ActiveCfg = Release|Win32
		{4F51DC46-1A0E-467D-8CA4-AF37E134C0A4}.Release|x86.Build.0 = Release|Win32
	EndGlobalSection
	GlobalSection(SolutionProperties) = preSolution
		HideSolutionNode = FALSE
	EndGlobalSection
	GlobalSection(ExtensibilityGlobals) = postSolution
		SolutionGuid = {9AD37D5B-1968-4EAB-9163-320CEEC7885E}
	EndGlobalSection
EndGlobal
