
Microsoft Visual Studio Solution File, Format Version 12.00
# Visual Studio Version 16
VisualStudioVersion = 16.0.31105.61
MinimumVisualStudioVersion = 10.0.40219.1
Project("{8BC9CEB8-8B4A-11D0-8D11-00A0C91BC942}") = "TestBed-Conan", "TestBed-Conan.vcxproj", "{E586B3B1-9E4D-4B2F-A8DF-F743B7A7B17B}"
	ProjectSection(ProjectDependencies) = postProject
		{4F51DC46-1A0E-467D-8CA4-AF37E134C0A4} = {4F51DC46-1A0E-467D-8CA4-AF37E134C0A4}
	EndProjectSection
EndProject
Project("{8BC9CEB8-8B4A-11D0-8D11-00A0C91BC942}") = "BranchIO-Static", "..\..\..\BranchSDK\Windows\BranchIO-Static\BranchIO-Static.vcxproj", "{4F51DC46-1A0E-467D-8CA4-AF37E134C0A4}"
EndProject
Global
	GlobalSection(SolutionConfigurationPlatforms) = preSolution
		Debug|x64 = Debug|x64
		Debug|x86 = Debug|x86
		Release|x64 = Release|x64
		Release|x86 = Release|x86
	EndGlobalSection
	GlobalSection(ProjectConfigurationPlatforms) = postSolution
		{E586B3B1-9E4D-4B2F-A8DF-F743B7A7B17B}.Debug|x64.ActiveCfg = Debug|x64
		{E586B3B1-9E4D-4B2F-A8DF-F743B7A7B17B}.Debug|x64.Build.0 = Debug|x64
		{E586B3B1-9E4D-4B2F-A8DF-F743B7A7B17B}.Debug|x86.ActiveCfg = Debug|Win32
		{E586B3B1-9E4D-4B2F-A8DF-F743B7A7B17B}.Debug|x86.Build.0 = Debug|Win32
		{E586B3B1-9E4D-4B2F-A8DF-F743B7A7B17B}.Release|x64.ActiveCfg = Release|x64
		{E586B3B1-9E4D-4B2F-A8DF-F743B7A7B17B}.Release|x64.Build.0 = Release|x64
		{E586B3B1-9E4D-4B2F-A8DF-F743B7A7B17B}.Release|x86.ActiveCfg = Release|Win32
		{E586B3B1-9E4D-4B2F-A8DF-F743B7A7B17B}.Release|x86.Build.0 = Release|Win32
		{4F51DC46-1A0E-467D-8CA4-AF37E134C0A4}.Debug|x64.ActiveCfg = Debug|x64
		{4F51DC46-1A0E-467D-8CA4-AF37E134C0A4}.Debug|x64.Build.0 = Debug|x64
		{4F51DC46-1A0E-467D-8CA4-AF37E134C0A4}.Debug|x86.ActiveCfg = Debug|Win32
		{4F51DC46-1A0E-467D-8CA4-AF37E134C0A4}.Debug|x86.Build.0 = Debug|Win32
		{4F51DC46-1A0E-467D-8CA4-AF37E134C0A4}.Release|x64.ActiveCfg = Release|x64
		{4F51DC46-1A0E-467D-8CA4-AF37E134C0A4}.Release|x64.Build.0 = Release|x64
		{4F51DC46-1A0E-467D-8CA4-AF37E134C0A4}.Release|x86.ActiveCfg = Release|Win32
		{4F51DC46-1A0E-467D-8CA4-AF37E134C0A4}.Release|x86.Build.0 = Release|Win32
	EndGlobalSection
	GlobalSection(SolutionProperties) = preSolution
		HideSolutionNode = FALSE
	EndGlobalSection
	GlobalSection(ExtensibilityGlobals) = postSolution
		SolutionGuid = {7F7E7648-D234-4BFD-A178-D37047BADB50}
	EndGlobalSection
EndGlobal
